{
    "name": "f1-laps-node-test",
    "version": "0.1.0",
    "lockfileVersion": 1,
    "requires": true,
    "dependencies": {
        "f1-laps-js-bridge": {
            "version": "file:../js-bridge",
            "requires": {
                "@bunch-of-friends/observable": "1.3.0",
                "neon-cli": "0.1.22",
                "stay-awake": "0.0.3"
            },
            "dependencies": {
                "@bunch-of-friends/observable": {
                    "version": "1.3.0",
                    "bundled": true
                },
                "align-text": {
                    "version": "0.1.4",
                    "bundled": true,
                    "requires": {
                        "kind-of": "3.2.2",
                        "longest": "1.0.1",
                        "repeat-string": "1.6.1"
                    }
                },
                "amdefine": {
                    "version": "1.0.1",
                    "bundled": true
                },
                "ansi-escape-sequences": {
                    "version": "4.0.0",
                    "bundled": true,
                    "requires": {
                        "array-back": "2.0.0"
                    }
                },
                "ansi-escapes": {
                    "version": "3.1.0",
                    "bundled": true
                },
                "ansi-regex": {
                    "version": "3.0.0",
                    "bundled": true
                },
                "ansi-styles": {
                    "version": "3.2.1",
                    "bundled": true,
                    "requires": {
                        "color-convert": "1.9.1"
                    }
                },
                "array-back": {
                    "version": "2.0.0",
                    "bundled": true,
                    "requires": {
                        "typical": "2.6.1"
                    }
                },
                "async": {
                    "version": "1.5.2",
                    "bundled": true
                },
                "balanced-match": {
                    "version": "1.0.0",
                    "bundled": true
                },
                "bindings": {
                    "version": "1.2.1",
                    "bundled": true
                },
                "brace-expansion": {
                    "version": "1.1.11",
                    "bundled": true,
                    "requires": {
                        "balanced-match": "1.0.0",
                        "concat-map": "0.0.1"
                    }
                },
                "builtins": {
                    "version": "1.0.3",
                    "bundled": true
                },
                "camelcase": {
                    "version": "1.2.1",
                    "bundled": true,
                    "optional": true
                },
                "center-align": {
                    "version": "0.1.3",
                    "bundled": true,
                    "optional": true,
                    "requires": {
                        "align-text": "0.1.4",
                        "lazy-cache": "1.0.4"
                    }
                },
                "chalk": {
                    "version": "2.1.0",
                    "bundled": true,
                    "requires": {
                        "ansi-styles": "3.2.1",
                        "escape-string-regexp": "1.0.5",
                        "supports-color": "4.5.0"
                    }
                },
                "chardet": {
                    "version": "0.4.2",
                    "bundled": true
                },
                "cli-cursor": {
                    "version": "2.1.0",
                    "bundled": true,
                    "requires": {
                        "restore-cursor": "2.0.0"
                    }
                },
                "cli-width": {
                    "version": "2.2.0",
                    "bundled": true
                },
                "cliui": {
                    "version": "2.1.0",
                    "bundled": true,
                    "optional": true,
                    "requires": {
                        "center-align": "0.1.3",
                        "right-align": "0.1.3",
                        "wordwrap": "0.0.2"
                    },
                    "dependencies": {
                        "wordwrap": {
                            "version": "0.0.2",
                            "bundled": true,
                            "optional": true
                        }
                    }
                },
                "color-convert": {
                    "version": "1.9.1",
                    "bundled": true,
                    "requires": {
                        "color-name": "1.1.3"
                    }
                },
                "color-name": {
                    "version": "1.1.3",
                    "bundled": true
                },
                "command-line-args": {
                    "version": "4.0.7",
                    "bundled": true,
                    "requires": {
                        "array-back": "2.0.0",
                        "find-replace": "1.0.3",
                        "typical": "2.6.1"
                    }
                },
                "command-line-commands": {
                    "version": "2.0.1",
                    "bundled": true,
                    "requires": {
                        "array-back": "2.0.0"
                    }
                },
                "command-line-usage": {
                    "version": "4.1.0",
                    "bundled": true,
                    "requires": {
                        "ansi-escape-sequences": "4.0.0",
                        "array-back": "2.0.0",
                        "table-layout": "0.4.3",
                        "typical": "2.6.1"
                    }
                },
                "concat-map": {
                    "version": "0.0.1",
                    "bundled": true
                },
                "debug": {
                    "version": "2.6.9",
                    "bundled": true,
                    "requires": {
                        "ms": "2.0.0"
                    }
                },
                "decamelize": {
                    "version": "1.2.0",
                    "bundled": true,
                    "optional": true
                },
                "deep-extend": {
                    "version": "0.5.1",
                    "bundled": true
                },
                "escape-string-regexp": {
                    "version": "1.0.5",
                    "bundled": true
                },
                "external-editor": {
                    "version": "2.2.0",
                    "bundled": true,
                    "requires": {
                        "chardet": "0.4.2",
                        "iconv-lite": "0.4.23",
                        "tmp": "0.0.33"
                    }
                },
                "ffi": {
                    "version": "2.2.0",
                    "bundled": true,
                    "requires": {
                        "bindings": "1.2.1",
                        "debug": "2.6.9",
                        "nan": "2.10.0",
                        "ref": "1.3.5",
                        "ref-struct": "1.1.0"
                    }
                },
                "figures": {
                    "version": "2.0.0",
                    "bundled": true,
                    "requires": {
                        "escape-string-regexp": "1.0.5"
                    }
                },
                "find-replace": {
                    "version": "1.0.3",
                    "bundled": true,
                    "requires": {
                        "array-back": "1.0.4",
                        "test-value": "2.1.0"
                    },
                    "dependencies": {
                        "array-back": {
                            "version": "1.0.4",
                            "bundled": true,
                            "requires": {
                                "typical": "2.6.1"
                            }
                        }
                    }
                },
                "fs.realpath": {
                    "version": "1.0.0",
                    "bundled": true
                },
                "git-config": {
                    "version": "0.0.7",
                    "bundled": true,
                    "requires": {
                        "iniparser": "1.0.5"
                    }
                },
                "glob": {
                    "version": "7.1.2",
                    "bundled": true,
                    "requires": {
                        "fs.realpath": "1.0.0",
                        "inflight": "1.0.6",
                        "inherits": "2.0.3",
                        "minimatch": "3.0.4",
                        "once": "1.4.0",
                        "path-is-absolute": "1.0.1"
                    }
                },
                "handlebars": {
                    "version": "4.0.11",
                    "bundled": true,
                    "requires": {
                        "async": "1.5.2",
                        "optimist": "0.6.1",
                        "source-map": "0.4.4",
                        "uglify-js": "2.8.29"
                    }
                },
                "has-flag": {
                    "version": "2.0.0",
                    "bundled": true
                },
                "iconv-lite": {
                    "version": "0.4.23",
                    "bundled": true,
                    "requires": {
                        "safer-buffer": "2.1.2"
                    }
                },
                "inflight": {
                    "version": "1.0.6",
                    "bundled": true,
                    "requires": {
                        "once": "1.4.0",
                        "wrappy": "1.0.2"
                    }
                },
                "inherits": {
                    "version": "2.0.3",
                    "bundled": true
                },
                "iniparser": {
                    "version": "1.0.5",
                    "bundled": true
                },
                "inquirer": {
                    "version": "3.3.0",
                    "bundled": true,
                    "requires": {
                        "ansi-escapes": "3.1.0",
                        "chalk": "2.1.0",
                        "cli-cursor": "2.1.0",
                        "cli-width": "2.2.0",
                        "external-editor": "2.2.0",
                        "figures": "2.0.0",
                        "lodash": "4.17.10",
                        "mute-stream": "0.0.7",
                        "run-async": "2.3.0",
                        "rx-lite": "4.0.8",
                        "rx-lite-aggregates": "4.0.8",
                        "string-width": "2.1.1",
                        "strip-ansi": "4.0.0",
                        "through": "2.3.8"
                    }
                },
                "is-buffer": {
                    "version": "1.1.6",
                    "bundled": true
                },
                "is-fullwidth-code-point": {
                    "version": "2.0.0",
                    "bundled": true
                },
                "is-promise": {
                    "version": "2.1.0",
                    "bundled": true
                },
                "kind-of": {
                    "version": "3.2.2",
                    "bundled": true,
                    "requires": {
                        "is-buffer": "1.1.6"
                    }
                },
                "lazy-cache": {
                    "version": "1.0.4",
                    "bundled": true,
                    "optional": true
                },
                "lodash": {
                    "version": "4.17.10",
                    "bundled": true
                },
                "lodash.padend": {
                    "version": "4.6.1",
                    "bundled": true
                },
                "longest": {
                    "version": "1.0.1",
                    "bundled": true
                },
                "mimic-fn": {
                    "version": "1.2.0",
                    "bundled": true
                },
                "minimatch": {
                    "version": "3.0.4",
                    "bundled": true,
                    "requires": {
                        "brace-expansion": "1.1.11"
                    }
                },
                "minimist": {
                    "version": "0.0.10",
                    "bundled": true
                },
                "mkdirp": {
                    "version": "0.5.1",
                    "bundled": true,
                    "requires": {
                        "minimist": "0.0.8"
                    },
                    "dependencies": {
                        "minimist": {
                            "version": "0.0.8",
                            "bundled": true
                        }
                    }
                },
                "ms": {
                    "version": "2.0.0",
                    "bundled": true
                },
                "mute-stream": {
                    "version": "0.0.7",
                    "bundled": true
                },
                "nan": {
                    "version": "2.10.0",
                    "bundled": true
                },
                "neon-cli": {
                    "version": "0.1.22",
                    "bundled": true,
                    "requires": {
                        "chalk": "2.1.0",
                        "command-line-args": "4.0.7",
                        "command-line-commands": "2.0.1",
                        "command-line-usage": "4.1.0",
                        "git-config": "0.0.7",
                        "handlebars": "4.0.11",
                        "inquirer": "3.3.0",
                        "mkdirp": "0.5.1",
                        "quickly-copy-file": "1.0.0",
                        "rimraf": "2.6.2",
                        "rsvp": "4.8.2",
                        "semver": "5.5.0",
                        "toml": "2.3.3",
                        "ts-typed-json": "0.2.2",
                        "validate-npm-package-license": "3.0.3",
                        "validate-npm-package-name": "3.0.0"
                    }
                },
                "once": {
                    "version": "1.4.0",
                    "bundled": true,
                    "requires": {
                        "wrappy": "1.0.2"
                    }
                },
                "onetime": {
                    "version": "2.0.1",
                    "bundled": true,
                    "requires": {
                        "mimic-fn": "1.2.0"
                    }
                },
                "optimist": {
                    "version": "0.6.1",
                    "bundled": true,
                    "requires": {
                        "minimist": "0.0.10",
                        "wordwrap": "0.0.3"
                    }
                },
                "os-tmpdir": {
                    "version": "1.0.2",
                    "bundled": true
                },
                "path-is-absolute": {
                    "version": "1.0.1",
                    "bundled": true
                },
                "process": {
                    "version": "0.11.10",
                    "bundled": true
                },
                "quickly-copy-file": {
                    "version": "1.0.0",
                    "bundled": true,
                    "requires": {
                        "mkdirp": "0.5.1"
                    }
                },
                "reduce-flatten": {
                    "version": "1.0.1",
                    "bundled": true
                },
                "ref": {
                    "version": "1.3.5",
                    "bundled": true,
                    "requires": {
                        "bindings": "1.2.1",
                        "debug": "2.6.9",
                        "nan": "2.10.0"
                    }
                },
                "ref-struct": {
                    "version": "1.1.0",
                    "bundled": true,
                    "requires": {
                        "debug": "2.6.9",
                        "ref": "1.3.5"
                    }
                },
                "repeat-string": {
                    "version": "1.6.1",
                    "bundled": true
                },
                "restore-cursor": {
                    "version": "2.0.0",
                    "bundled": true,
                    "requires": {
                        "onetime": "2.0.1",
                        "signal-exit": "3.0.2"
                    }
                },
                "right-align": {
                    "version": "0.1.3",
                    "bundled": true,
                    "optional": true,
                    "requires": {
                        "align-text": "0.1.4"
                    }
                },
                "rimraf": {
                    "version": "2.6.2",
                    "bundled": true,
                    "requires": {
                        "glob": "7.1.2"
                    }
                },
                "rsvp": {
                    "version": "4.8.2",
                    "bundled": true
                },
                "run-async": {
                    "version": "2.3.0",
                    "bundled": true,
                    "requires": {
                        "is-promise": "2.1.0"
                    }
                },
                "rx-lite": {
                    "version": "4.0.8",
                    "bundled": true
                },
                "rx-lite-aggregates": {
                    "version": "4.0.8",
                    "bundled": true,
                    "requires": {
                        "rx-lite": "4.0.8"
                    }
                },
                "safer-buffer": {
                    "version": "2.1.2",
                    "bundled": true
                },
                "semver": {
                    "version": "5.5.0",
                    "bundled": true
                },
                "signal-exit": {
                    "version": "3.0.2",
                    "bundled": true
                },
                "source-map": {
                    "version": "0.4.4",
                    "bundled": true,
                    "requires": {
                        "amdefine": "1.0.1"
                    }
                },
                "spdx-correct": {
                    "version": "3.0.0",
                    "bundled": true,
                    "requires": {
                        "spdx-expression-parse": "3.0.0",
                        "spdx-license-ids": "3.0.0"
                    }
                },
                "spdx-exceptions": {
                    "version": "2.1.0",
                    "bundled": true
                },
                "spdx-expression-parse": {
                    "version": "3.0.0",
                    "bundled": true,
                    "requires": {
                        "spdx-exceptions": "2.1.0",
                        "spdx-license-ids": "3.0.0"
                    }
                },
                "spdx-license-ids": {
                    "version": "3.0.0",
                    "bundled": true
                },
                "stay-awake": {
                    "version": "0.0.3",
                    "bundled": true,
                    "requires": {
                        "debug": "2.6.9",
                        "process": "0.11.10"
                    }
                },
                "string-width": {
                    "version": "2.1.1",
                    "bundled": true,
                    "requires": {
                        "is-fullwidth-code-point": "2.0.0",
                        "strip-ansi": "4.0.0"
                    }
                },
                "strip-ansi": {
                    "version": "4.0.0",
                    "bundled": true,
                    "requires": {
                        "ansi-regex": "3.0.0"
                    }
                },
                "supports-color": {
                    "version": "4.5.0",
                    "bundled": true,
                    "requires": {
                        "has-flag": "2.0.0"
                    }
                },
                "table-layout": {
                    "version": "0.4.3",
                    "bundled": true,
                    "requires": {
                        "array-back": "2.0.0",
                        "deep-extend": "0.5.1",
                        "lodash.padend": "4.6.1",
                        "typical": "2.6.1",
                        "wordwrapjs": "3.0.0"
                    }
                },
                "test-value": {
                    "version": "2.1.0",
                    "bundled": true,
                    "requires": {
                        "array-back": "1.0.4",
                        "typical": "2.6.1"
                    },
                    "dependencies": {
                        "array-back": {
                            "version": "1.0.4",
                            "bundled": true,
                            "requires": {
                                "typical": "2.6.1"
                            }
                        }
                    }
                },
                "through": {
                    "version": "2.3.8",
                    "bundled": true
                },
                "tmp": {
                    "version": "0.0.33",
                    "bundled": true,
                    "requires": {
                        "os-tmpdir": "1.0.2"
                    }
                },
                "toml": {
                    "version": "2.3.3",
                    "bundled": true
                },
                "ts-typed-json": {
                    "version": "0.2.2",
                    "bundled": true,
                    "requires": {
                        "rsvp": "3.6.2"
                    },
                    "dependencies": {
                        "rsvp": {
                            "version": "3.6.2",
                            "bundled": true
                        }
                    }
                },
                "typical": {
                    "version": "2.6.1",
                    "bundled": true
                },
                "uglify-js": {
                    "version": "2.8.29",
                    "bundled": true,
                    "optional": true,
                    "requires": {
                        "source-map": "0.5.7",
                        "uglify-to-browserify": "1.0.2",
                        "yargs": "3.10.0"
                    },
                    "dependencies": {
                        "source-map": {
                            "version": "0.5.7",
                            "bundled": true,
                            "optional": true
                        }
                    }
                },
                "uglify-to-browserify": {
                    "version": "1.0.2",
                    "bundled": true,
                    "optional": true
                },
                "validate-npm-package-license": {
                    "version": "3.0.3",
                    "bundled": true,
                    "requires": {
                        "spdx-correct": "3.0.0",
                        "spdx-expression-parse": "3.0.0"
                    }
                },
                "validate-npm-package-name": {
                    "version": "3.0.0",
                    "bundled": true,
                    "requires": {
                        "builtins": "1.0.3"
                    }
                },
                "window-size": {
                    "version": "0.1.0",
                    "bundled": true,
                    "optional": true
                },
                "wordwrap": {
                    "version": "0.0.3",
                    "bundled": true
                },
                "wordwrapjs": {
                    "version": "3.0.0",
                    "bundled": true,
                    "requires": {
                        "reduce-flatten": "1.0.1",
                        "typical": "2.6.1"
                    }
                },
                "wrappy": {
                    "version": "1.0.2",
                    "bundled": true
                },
                "yargs": {
                    "version": "3.10.0",
                    "bundled": true,
                    "optional": true,
                    "requires": {
                        "camelcase": "1.2.1",
                        "cliui": "2.1.0",
                        "decamelize": "1.2.0",
                        "window-size": "0.1.0"
                    }
                }
            }
        }
    }
}
